
Microsoft Visual Studio Solution File, Format Version 12.00
# Visual Studio 14
VisualStudioVersion = 14.0.25420.1
MinimumVisualStudioVersion = 10.0.40219.1
Project("{FAE04EC0-301F-11D3-BF4B-00C04F79EFBC}") = "CesiumDemo", "CesiumDemo.csproj", "{B6F86C1B-3396-4729-A59F-DB83FB49FE4E}"
EndProject
Project("{2150E333-8FDC-42A3-9474-1A3956D46DE8}") = "DefinitelyTyped", "DefinitelyTyped", "{192D0E98-469D-49ED-A796-FBFAC7F33E04}"
	ProjectSection(SolutionItems) = preProject
		..\DefinitelyTyped\cesium.d.ts = ..\DefinitelyTyped\cesium.d.ts
	EndProjectSection
EndProject
Project("{FAE04EC0-301F-11D3-BF4B-00C04F79EFBC}") = "GeometryStudy", "..\GeometryStudy\GeometryStudy.csproj", "{A2496952-E84A-4D1A-8742-B265C142DBC4}"
EndProject
Global
	GlobalSection(SolutionConfigurationPlatforms) = preSolution
		Debug|Any CPU = Debug|Any CPU
		Release|Any CPU = Release|Any CPU
	EndGlobalSection
	GlobalSection(ProjectConfigurationPlatforms) = postSolution
		{B6F86C1B-3396-4729-A59F-DB83FB49FE4E}.Debug|Any CPU.ActiveCfg = Debug|Any CPU
		{B6F86C1B-3396-4729-A59F-DB83FB49FE4E}.Debug|Any CPU.Build.0 = Debug|Any CPU
		{B6F86C1B-3396-4729-A59F-DB83FB49FE4E}.Release|Any CPU.ActiveCfg = Release|Any CPU
		{B6F86C1B-3396-4729-A59F-DB83FB49FE4E}.Release|Any CPU.Build.0 = Release|Any CPU
		{A2496952-E84A-4D1A-8742-B265C142DBC4}.Debug|Any CPU.ActiveCfg = Debug|Any CPU
		{A2496952-E84A-4D1A-8742-B265C142DBC4}.Debug|Any CPU.Build.0 = Debug|Any CPU
		{A2496952-E84A-4D1A-8742-B265C142DBC4}.Release|Any CPU.ActiveCfg = Release|Any CPU
		{A2496952-E84A-4D1A-8742-B265C142DBC4}.Release|Any CPU.Build.0 = Release|Any CPU
	EndGlobalSection
	GlobalSection(SolutionProperties) = preSolution
		HideSolutionNode = FALSE
	EndGlobalSection
EndGlobal
